// !$*UTF8*$!
{
	archiveVersion = 1;
	classes = {
	};
	objectVersion = 46;
	objects = {

/* Begin PBXBuildFile section */
		190DFB9C1E9F1A850098FAC0 /* ChatViewController.swift in Sources */ = {isa = PBXBuildFile; fileRef = 190DFB9B1E9F1A850098FAC0 /* ChatViewController.swift */; };
		9371ECC51948BF4AB2128638 /* Pods_ParseClient.framework in Frameworks */ = {isa = PBXBuildFile; fileRef = 46F848001EC8582A9445A800 /* Pods_ParseClient.framework */; };
		E2154E171E9F168400C8CEF2 /* AppDelegate.swift in Sources */ = {isa = PBXBuildFile; fileRef = E2154E161E9F168400C8CEF2 /* AppDelegate.swift */; };
		E2154E191E9F168400C8CEF2 /* ViewController.swift in Sources */ = {isa = PBXBuildFile; fileRef = E2154E181E9F168400C8CEF2 /* ViewController.swift */; };
		E2154E1C1E9F168400C8CEF2 /* Main.storyboard in Resources */ = {isa = PBXBuildFile; fileRef = E2154E1A1E9F168400C8CEF2 /* Main.storyboard */; };
		E2154E1F1E9F168400C8CEF2 /* ParseClient.xcdatamodeld in Sources */ = {isa = PBXBuildFile; fileRef = E2154E1D1E9F168400C8CEF2 /* ParseClient.xcdatamodeld */; };
		E2154E211E9F168400C8CEF2 /* Assets.xcassets in Resources */ = {isa = PBXBuildFile; fileRef = E2154E201E9F168400C8CEF2 /* Assets.xcassets */; };
		E2154E241E9F168400C8CEF2 /* LaunchScreen.storyboard in Resources */ = {isa = PBXBuildFile; fileRef = E2154E221E9F168400C8CEF2 /* LaunchScreen.storyboard */; };
/* End PBXBuildFile section */

/* Begin PBXFileReference section */
		024AAE89767176986747D7A0 /* Pods-ParseClient.release.xcconfig */ = {isa = PBXFileReference; includeInIndex = 1; lastKnownFileType = text.xcconfig; name = "Pods-ParseClient.release.xcconfig"; path = "Pods/Target Support Files/Pods-ParseClient/Pods-ParseClient.release.xcconfig"; sourceTree = "<group>"; };
		190DFB9B1E9F1A850098FAC0 /* ChatViewController.swift */ = {isa = PBXFileReference; fileEncoding = 4; lastKnownFileType = sourcecode.swift; path = ChatViewController.swift; sourceTree = "<group>"; };
		46F848001EC8582A9445A800 /* Pods_ParseClient.framework */ = {isa = PBXFileReference; explicitFileType = wrapper.framework; includeInIndex = 0; path = Pods_ParseClient.framework; sourceTree = BUILT_PRODUCTS_DIR; };
		CACB5516998932CF458901B2 /* Pods-ParseClient.debug.xcconfig */ = {isa = PBXFileReference; includeInIndex = 1; lastKnownFileType = text.xcconfig; name = "Pods-ParseClient.debug.xcconfig"; path = "Pods/Target Support Files/Pods-ParseClient/Pods-ParseClient.debug.xcconfig"; sourceTree = "<group>"; };
		E2154E131E9F168400C8CEF2 /* ParseClient.app */ = {isa = PBXFileReference; explicitFileType = wrapper.application; includeInIndex = 0; path = ParseClient.app; sourceTree = BUILT_PRODUCTS_DIR; };
		E2154E161E9F168400C8CEF2 /* AppDelegate.swift */ = {isa = PBXFileReference; lastKnownFileType = sourcecode.swift; path = AppDelegate.swift; sourceTree = "<group>"; };
		E2154E181E9F168400C8CEF2 /* ViewController.swift */ = {isa = PBXFileReference; lastKnownFileType = sourcecode.swift; path = ViewController.swift; sourceTree = "<group>"; };
		E2154E1B1E9F168400C8CEF2 /* Base */ = {isa = PBXFileReference; lastKnownFileType = file.storyboard; name = Base; path = Base.lproj/Main.storyboard; sourceTree = "<group>"; };
		E2154E1E1E9F168400C8CEF2 /* ParseClient.xcdatamodel */ = {isa = PBXFileReference; lastKnownFileType = wrapper.xcdatamodel; path = ParseClient.xcdatamodel; sourceTree = "<group>"; };
		E2154E201E9F168400C8CEF2 /* Assets.xcassets */ = {isa = PBXFileReference; lastKnownFileType = folder.assetcatalog; path = Assets.xcassets; sourceTree = "<group>"; };
		E2154E231E9F168400C8CEF2 /* Base */ = {isa = PBXFileReference; lastKnownFileType = file.storyboard; name = Base; path = Base.lproj/LaunchScreen.storyboard; sourceTree = "<group>"; };
		E2154E251E9F168400C8CEF2 /* Info.plist */ = {isa = PBXFileReference; lastKnownFileType = text.plist.xml; path = Info.plist; sourceTree = "<group>"; };
/* End PBXFileReference section */

/* Begin PBXFrameworksBuildPhase section */
		E2154E101E9F168300C8CEF2 /* Frameworks */ = {
			isa = PBXFrameworksBuildPhase;
			buildActionMask = 2147483647;
			files = (
				9371ECC51948BF4AB2128638 /* Pods_ParseClient.framework in Frameworks */,
			);
			runOnlyForDeploymentPostprocessing = 0;
		};
/* End PBXFrameworksBuildPhase section */

/* Begin PBXGroup section */
		2277AF88BF52BD2C08850049 /* Pods */ = {
			isa = PBXGroup;
			children = (
				CACB5516998932CF458901B2 /* Pods-ParseClient.debug.xcconfig */,
				024AAE89767176986747D7A0 /* Pods-ParseClient.release.xcconfig */,
			);
			name = Pods;
			sourceTree = "<group>";
		};
		9115E2DB10A4CC85D9E64FF6 /* Frameworks */ = {
			isa = PBXGroup;
			children = (
				46F848001EC8582A9445A800 /* Pods_ParseClient.framework */,
			);
			name = Frameworks;
			sourceTree = "<group>";
		};
		E2154E0A1E9F168300C8CEF2 = {
			isa = PBXGroup;
			children = (
				E2154E151E9F168400C8CEF2 /* ParseClient */,
				E2154E141E9F168400C8CEF2 /* Products */,
				2277AF88BF52BD2C08850049 /* Pods */,
				9115E2DB10A4CC85D9E64FF6 /* Frameworks */,
			);
			sourceTree = "<group>";
		};
		E2154E141E9F168400C8CEF2 /* Products */ = {
			isa = PBXGroup;
			children = (
				E2154E131E9F168400C8CEF2 /* ParseClient.app */,
			);
			name = Products;
			sourceTree = "<group>";
		};
		E2154E151E9F168400C8CEF2 /* ParseClient */ = {
			isa = PBXGroup;
			children = (
				E2154E161E9F168400C8CEF2 /* AppDelegate.swift */,
				E2154E181E9F168400C8CEF2 /* ViewController.swift */,
				190DFB9B1E9F1A850098FAC0 /* ChatViewController.swift */,
				E2154E1A1E9F168400C8CEF2 /* Main.storyboard */,
				E2154E201E9F168400C8CEF2 /* Assets.xcassets */,
				E2154E221E9F168400C8CEF2 /* LaunchScreen.storyboard */,
				E2154E251E9F168400C8CEF2 /* Info.plist */,
				E2154E1D1E9F168400C8CEF2 /* ParseClient.xcdatamodeld */,
			);
			path = ParseClient;
			sourceTree = "<group>";
		};
/* End PBXGroup section */

/* Begin PBXNativeTarget section */
		E2154E121E9F168300C8CEF2 /* ParseClient */ = {
			isa = PBXNativeTarget;
			buildConfigurationList = E2154E281E9F168400C8CEF2 /* Build configuration list for PBXNativeTarget "ParseClient" */;
			buildPhases = (
				C753543B3EFB03CE522B0D92 /* [CP] Check Pods Manifest.lock */,
				E2154E0F1E9F168300C8CEF2 /* Sources */,
				E2154E101E9F168300C8CEF2 /* Frameworks */,
				E2154E111E9F168300C8CEF2 /* Resources */,
				716E9868B6927D1B9A472AB4 /* [CP] Embed Pods Frameworks */,
				88F01055467B051162A64B3B /* [CP] Copy Pods Resources */,
			);
			buildRules = (
			);
			dependencies = (
			);
			name = ParseClient;
			productName = ParseClient;
			productReference = E2154E131E9F168400C8CEF2 /* ParseClient.app */;
			productType = "com.apple.product-type.application";
		};
/* End PBXNativeTarget section */

/* Begin PBXProject section */
		E2154E0B1E9F168300C8CEF2 /* Project object */ = {
			isa = PBXProject;
			attributes = {
				LastSwiftUpdateCheck = 0800;
				LastUpgradeCheck = 0830;
				ORGANIZATIONNAME = AkshayBhandary;
				TargetAttributes = {
					E2154E121E9F168300C8CEF2 = {
						CreatedOnToolsVersion = 8.0;
						ProvisioningStyle = Automatic;
					};
				};
			};
			buildConfigurationList = E2154E0E1E9F168300C8CEF2 /* Build configuration list for PBXProject "ParseClient" */;
			compatibilityVersion = "Xcode 3.2";
			developmentRegion = English;
			hasScannedForEncodings = 0;
			knownRegions = (
				en,
				Base,
			);
			mainGroup = E2154E0A1E9F168300C8CEF2;
			productRefGroup = E2154E141E9F168400C8CEF2 /* Products */;
			projectDirPath = "";
			projectRoot = "";
			targets = (
				E2154E121E9F168300C8CEF2 /* ParseClient */,
			);
		};
/* End PBXProject section */

/* Begin PBXResourcesBuildPhase section */
		E2154E111E9F168300C8CEF2 /* Resources */ = {
			isa = PBXResourcesBuildPhase;
			buildActionMask = 2147483647;
			files = (
				E2154E241E9F168400C8CEF2 /* LaunchScreen.storyboard in Resources */,
				E2154E211E9F168400C8CEF2 /* Assets.xcassets in Resources */,
				E2154E1C1E9F168400C8CEF2 /* Main.storyboard in Resources */,
			);
			runOnlyForDeploymentPostprocessing = 0;
		};
/* End PBXResourcesBuildPhase section */

/* Begin PBXShellScriptBuildPhase section */
		716E9868B6927D1B9A472AB4 /* [CP] Embed Pods Frameworks */ = {
			isa = PBXShellScriptBuildPhase;
			buildActionMask = 2147483647;
			files = (
			);
			inputPaths = (
			);
			name = "[CP] Embed Pods Frameworks";
			outputPaths = (
			);
			runOnlyForDeploymentPostprocessing = 0;
			shellPath = /bin/sh;
			shellScript = "\"${SRCROOT}/Pods/Target Support Files/Pods-ParseClient/Pods-ParseClient-frameworks.sh\"\n";
			showEnvVarsInLog = 0;
		};
		88F01055467B051162A64B3B /* [CP] Copy Pods Resources */ = {
			isa = PBXShellScriptBuildPhase;
			buildActionMask = 2147483647;
			files = (
			);
			inputPaths = (
			);
			name = "[CP] Copy Pods Resources";
			outputPaths = (
			);
			runOnlyForDeploymentPostprocessing = 0;
			shellPath = /bin/sh;
			shellScript = "\"${SRCROOT}/Pods/Target Support Files/Pods-ParseClient/Pods-ParseClient-resources.sh\"\n";
			showEnvVarsInLog = 0;
		};
		C753543B3EFB03CE522B0D92 /* [CP] Check Pods Manifest.lock */ = {
			isa = PBXShellScriptBuildPhase;
			buildActionMask = 2147483647;
			files = (
			);
			inputPaths = (
			);
			name = "[CP] Check Pods Manifest.lock";
			outputPaths = (
			);
			runOnlyForDeploymentPostprocessing = 0;
			shellPath = /bin/sh;
			shellScript = "diff \"${PODS_ROOT}/../Podfile.lock\" \"${PODS_ROOT}/Manifest.lock\" > /dev/null\nif [[ $? != 0 ]] ; then\n    cat << EOM\nerror: The sandbox is not in sync with the Podfile.lock. Run 'pod install' or update your CocoaPods installation.\nEOM\n    exit 1\nfi\n";
			showEnvVarsInLog = 0;
		};
/* End PBXShellScriptBuildPhase section */

/* Begin PBXSourcesBuildPhase section */
		E2154E0F1E9F168300C8CEF2 /* Sources */ = {
			isa = PBXSourcesBuildPhase;
			buildActionMask = 2147483647;
			files = (
				E2154E191E9F168400C8CEF2 /* ViewController.swift in Sources */,
				E2154E1F1E9F168400C8CEF2 /* ParseClient.xcdatamodeld in Sources */,
				190DFB9C1E9F1A850098FAC0 /* ChatViewController.swift in Sources */,
				E2154E171E9F168400C8CEF2 /* AppDelegate.swift in Sources */,
			);
			runOnlyForDeploymentPostprocessing = 0;
		};
/* End PBXSourcesBuildPhase section */

/* Begin PBXVariantGroup section */
		E2154E1A1E9F168400C8CEF2 /* Main.storyboard */ = {
			isa = PBXVariantGroup;
			children = (
				E2154E1B1E9F168400C8CEF2 /* Base */,
			);
			name = Main.storyboard;
			sourceTree = "<group>";
		};
		E2154E221E9F168400C8CEF2 /* LaunchScreen.storyboard */ = {
			isa = PBXVariantGroup;
			children = (
				E2154E231E9F168400C8CEF2 /* Base */,
			);
			name = LaunchScreen.storyboard;
			sourceTree = "<group>";
		};
/* End PBXVariantGroup section */

/* Begin XCBuildConfiguration section */
		E2154E261E9F168400C8CEF2 /* Debug */ = {
			isa = XCBuildConfiguration;
			buildSettings = {
				ALWAYS_SEARCH_USER_PATHS = NO;
				CLANG_ANALYZER_NONNULL = YES;
				CLANG_CXX_LANGUAGE_STANDARD = "gnu++0x";
				CLANG_CXX_LIBRARY = "libc++";
				CLANG_ENABLE_MODULES = YES;
				CLANG_ENABLE_OBJC_ARC = YES;
				CLANG_WARN_BOOL_CONVERSION = YES;
				CLANG_WARN_CONSTANT_CONVERSION = YES;
				CLANG_WARN_DIRECT_OBJC_ISA_USAGE = YES_ERROR;
				CLANG_WARN_DOCUMENTATION_COMMENTS = YES;
				CLANG_WARN_EMPTY_BODY = YES;
				CLANG_WARN_ENUM_CONVERSION = YES;
				CLANG_WARN_INFINITE_RECURSION = YES;
				CLANG_WARN_INT_CONVERSION = YES;
				CLANG_WARN_OBJC_ROOT_CLASS = YES_ERROR;
				CLANG_WARN_SUSPICIOUS_MOVE = YES;
				CLANG_WARN_SUSPICIOUS_MOVES = YES;
				CLANG_WARN_UNREACHABLE_CODE = YES;
				CLANG_WARN__DUPLICATE_METHOD_MATCH = YES;
				"CODE_SIGN_IDENTITY[sdk=iphoneos*]" = "iPhone Developer";
				COPY_PHASE_STRIP = NO;
				DEBUG_INFORMATION_FORMAT = dwarf;
				ENABLE_STRICT_OBJC_MSGSEND = YES;
				ENABLE_TESTABILITY = YES;
				GCC_C_LANGUAGE_STANDARD = gnu99;
				GCC_DYNAMIC_NO_PIC = NO;
				GCC_NO_COMMON_BLOCKS = YES;
				GCC_OPTIMIZATION_LEVEL = 0;
				GCC_PREPROCESSOR_DEFINITIONS = (
					"DEBUG=1",
					"$(inherited)",
				);
				GCC_WARN_64_TO_32_BIT_CONVERSION = YES;
				GCC_WARN_ABOUT_RETURN_TYPE = YES_ERROR;
				GCC_WARN_UNDECLARED_SELECTOR = YES;
				GCC_WARN_UNINITIALIZED_AUTOS = YES_AGGRESSIVE;
				GCC_WARN_UNUSED_FUNCTION = YES;
				GCC_WARN_UNUSED_VARIABLE = YES;
				IPHONEOS_DEPLOYMENT_TARGET = 10.0;
				MTL_ENABLE_DEBUG_INFO = YES;
				ONLY_ACTIVE_ARCH = YES;
				SDKROOT = iphoneos;
				SWIFT_ACTIVE_COMPILATION_CONDITIONS = DEBUG;
				SWIFT_OPTIMIZATION_LEVEL = "-Onone";
				TARGETED_DEVICE_FAMILY = "1,2";
			};
			name = Debug;
		};
		E2154E271E9F168400C8CEF2 /* Release */ = {
			isa = XCBuildConfiguration;
			buildSettings = {
				ALWAYS_SEARCH_USER_PATHS = NO;
				CLANG_ANALYZER_NONNULL = YES;
				CLANG_CXX_LANGUAGE_STANDARD = "gnu++0x";
				CLANG_CXX_LIBRARY = "libc++";
				CLANG_ENABLE_MODULES = YES;
				CLANG_ENABLE_OBJC_ARC = YES;
				CLANG_WARN_BOOL_CONVERSION = YES;
				CLANG_WARN_CONSTANT_CONVERSION = YES;
				CLANG_WARN_DIRECT_OBJC_ISA_USAGE = YES_ERROR;
				CLANG_WARN_DOCUMENTATION_COMMENTS = YES;
				CLANG_WARN_EMPTY_BODY = YES;
				CLANG_WARN_ENUM_CONVERSION = YES;
				CLANG_WARN_INFINITE_RECURSION = YES;
				CLANG_WARN_INT_CONVERSION = YES;
				CLANG_WARN_OBJC_ROOT_CLASS = YES_ERROR;
				CLANG_WARN_SUSPICIOUS_MOVE = YES;
				CLANG_WARN_SUSPICIOUS_MOVES = YES;
				CLANG_WARN_UNREACHABLE_CODE = YES;
				CLANG_WARN__DUPLICATE_METHOD_MATCH = YES;
				"CODE_SIGN_IDENTITY[sdk=iphoneos*]" = "iPhone Developer";
				COPY_PHASE_STRIP = NO;
				DEBUG_INFORMATION_FORMAT = "dwarf-with-dsym";
				ENABLE_NS_ASSERTIONS = NO;
				ENABLE_STRICT_OBJC_MSGSEND = YES;
				GCC_C_LANGUAGE_STANDARD = gnu99;
				GCC_NO_COMMON_BLOCKS = YES;
				GCC_WARN_64_TO_32_BIT_CONVERSION = YES;
				GCC_WARN_ABOUT_RETURN_TYPE = YES_ERROR;
				GCC_WARN_UNDECLARED_SELECTOR = YES;
				GCC_WARN_UNINITIALIZED_AUTOS = YES_AGGRESSIVE;
				GCC_WARN_UNUSED_FUNCTION = YES;
				GCC_WARN_UNUSED_VARIABLE = YES;
				IPHONEOS_DEPLOYMENT_TARGET = 10.0;
				MTL_ENABLE_DEBUG_INFO = NO;
				SDKROOT = iphoneos;
				SWIFT_OPTIMIZATION_LEVEL = "-Owholemodule";
				TARGETED_DEVICE_FAMILY = "1,2";
				VALIDATE_PRODUCT = YES;
			};
			name = Release;
		};
		E2154E291E9F168400C8CEF2 /* Debug */ = {
			isa = XCBuildConfiguration;
			baseConfigurationReference = CACB5516998932CF458901B2 /* Pods-ParseClient.debug.xcconfig */;
			buildSettings = {
				ASSETCATALOG_COMPILER_APPICON_NAME = AppIcon;
				INFOPLIST_FILE = ParseClient/Info.plist;
				LD_RUNPATH_SEARCH_PATHS = "$(inherited) @executable_path/Frameworks";
				PRODUCT_BUNDLE_IDENTIFIER = AkshayBhandary.ParseClient;
				PRODUCT_NAME = "$(TARGET_NAME)";
				SWIFT_VERSION = 3.0;
			};
			name = Debug;
		};
		E2154E2A1E9F168400C8CEF2 /* Release */ = {
			isa = XCBuildConfiguration;
			baseConfigurationReference = 024AAE89767176986747D7A0 /* Pods-ParseClient.release.xcconfig */;
			buildSettings = {
				ASSETCATALOG_COMPILER_APPICON_NAME = AppIcon;
				INFOPLIST_FILE = ParseClient/Info.plist;
				LD_RUNPATH_SEARCH_PATHS = "$(inherited) @executable_path/Frameworks";
				PRODUCT_BUNDLE_IDENTIFIER = AkshayBhandary.ParseClient;
				PRODUCT_NAME = "$(TARGET_NAME)";
				SWIFT_VERSION = 3.0;
			};
			name = Release;
		};
/* End XCBuildConfiguration section */

/* Begin XCConfigurationList section */
		E2154E0E1E9F168300C8CEF2 /* Build configuration list for PBXProject "ParseClient" */ = {
			isa = XCConfigurationList;
			buildConfigurations = (
				E2154E261E9F168400C8CEF2 /* Debug */,
				E2154E271E9F168400C8CEF2 /* Release */,
			);
			defaultConfigurationIsVisible = 0;
			defaultConfigurationName = Release;
		};
		E2154E281E9F168400C8CEF2 /* Build configuration list for PBXNativeTarget "ParseClient" */ = {
			isa = XCConfigurationList;
			buildConfigurations = (
				E2154E291E9F168400C8CEF2 /* Debug */,
				E2154E2A1E9F168400C8CEF2 /* Release */,
			);
			defaultConfigurationIsVisible = 0;
			defaultConfigurationName = Release;
		};
/* End XCConfigurationList section */

/* Begin XCVersionGroup section */
		E2154E1D1E9F168400C8CEF2 /* ParseClient.xcdatamodeld */ = {
			isa = XCVersionGroup;
			children = (
				E2154E1E1E9F168400C8CEF2 /* ParseClient.xcdatamodel */,
			);
			currentVersion = E2154E1E1E9F168400C8CEF2 /* ParseClient.xcdatamodel */;
			path = ParseClient.xcdatamodeld;
			sourceTree = "<group>";
			versionGroupType = wrapper.xcdatamodel;
		};
/* End XCVersionGroup section */
	};
	rootObject = E2154E0B1E9F168300C8CEF2 /* Project object */;
}
